// !$*UTF8*$!
{
	archiveVersion = 1;
	classes = {
	};
	objectVersion = 56;
	objects = {

/* Begin PBXBuildFile section */
		570E455229BF284900CD2C73 /* OrdersService.swift in Sources */ = {isa = PBXBuildFile; fileRef = 570E455129BF284900CD2C73 /* OrdersService.swift */; };
		570E455629BF2DAA00CD2C73 /* OrderDetailsViewController.swift in Sources */ = {isa = PBXBuildFile; fileRef = 570E455529BF2DAA00CD2C73 /* OrderDetailsViewController.swift */; };
		570E455829BF2DF000CD2C73 /* OrderDetailsViewModel.swift in Sources */ = {isa = PBXBuildFile; fileRef = 570E455729BF2DF000CD2C73 /* OrderDetailsViewModel.swift */; };
		570E455A29BF2E2700CD2C73 /* OrderDetailsModel.swift in Sources */ = {isa = PBXBuildFile; fileRef = 570E455929BF2E2700CD2C73 /* OrderDetailsModel.swift */; };
		570E456529BF383C00CD2C73 /* ChangeOrderStatusView.swift in Sources */ = {isa = PBXBuildFile; fileRef = 570E456429BF383C00CD2C73 /* ChangeOrderStatusView.swift */; };
		570E456729BF384C00CD2C73 /* ChangeOrderStatusView.xib in Resources */ = {isa = PBXBuildFile; fileRef = 570E456629BF384C00CD2C73 /* ChangeOrderStatusView.xib */; };
		570E456B29BF860A00CD2C73 /* OrdersViewControllersFactory.swift in Sources */ = {isa = PBXBuildFile; fileRef = 570E456A29BF860A00CD2C73 /* OrdersViewControllersFactory.swift */; };
		570E456D29BF8E8100CD2C73 /* CustomersService.swift in Sources */ = {isa = PBXBuildFile; fileRef = 570E456C29BF8E8100CD2C73 /* CustomersService.swift */; };
		570E457029BF8F4400CD2C73 /* DataStackManager.swift in Sources */ = {isa = PBXBuildFile; fileRef = 570E456F29BF8F4400CD2C73 /* DataStackManager.swift */; };
		570E457229BF912600CD2C73 /* Customer.swift in Sources */ = {isa = PBXBuildFile; fileRef = 570E457129BF912600CD2C73 /* Customer.swift */; };
		578216D329BDD3FB00E28147 /* AppDelegate.swift in Sources */ = {isa = PBXBuildFile; fileRef = 578216D229BDD3FB00E28147 /* AppDelegate.swift */; };
		578216D529BDD3FB00E28147 /* SceneDelegate.swift in Sources */ = {isa = PBXBuildFile; fileRef = 578216D429BDD3FB00E28147 /* SceneDelegate.swift */; };
		578216D729BDD3FB00E28147 /* OrdersViewController.swift in Sources */ = {isa = PBXBuildFile; fileRef = 578216D629BDD3FB00E28147 /* OrdersViewController.swift */; };
		578216DA29BDD3FB00E28147 /* Main.storyboard in Resources */ = {isa = PBXBuildFile; fileRef = 578216D829BDD3FB00E28147 /* Main.storyboard */; };
		578216DD29BDD3FB00E28147 /* Bouquets.xcdatamodeld in Sources */ = {isa = PBXBuildFile; fileRef = 578216DB29BDD3FB00E28147 /* Bouquets.xcdatamodeld */; };
		578216DF29BDD3FD00E28147 /* Assets.xcassets in Resources */ = {isa = PBXBuildFile; fileRef = 578216DE29BDD3FD00E28147 /* Assets.xcassets */; };
		578216E229BDD3FD00E28147 /* LaunchScreen.storyboard in Resources */ = {isa = PBXBuildFile; fileRef = 578216E029BDD3FD00E28147 /* LaunchScreen.storyboard */; };
		578216ED29BDD3FD00E28147 /* BouquetsTests.swift in Sources */ = {isa = PBXBuildFile; fileRef = 578216EC29BDD3FD00E28147 /* BouquetsTests.swift */; };
		578216F729BDD3FD00E28147 /* BouquetsUITests.swift in Sources */ = {isa = PBXBuildFile; fileRef = 578216F629BDD3FD00E28147 /* BouquetsUITests.swift */; };
		578216F929BDD3FD00E28147 /* BouquetsUITestsLaunchTests.swift in Sources */ = {isa = PBXBuildFile; fileRef = 578216F829BDD3FD00E28147 /* BouquetsUITestsLaunchTests.swift */; };
		5782170729BDE25700E28147 /* Alamofire in Frameworks */ = {isa = PBXBuildFile; productRef = 5782170629BDE25700E28147 /* Alamofire */; };
		5782170929BDE31100E28147 /* CustomerOrder.swift in Sources */ = {isa = PBXBuildFile; fileRef = 5782170829BDE31100E28147 /* CustomerOrder.swift */; };
		57D25BBB29BF06C6002607F4 /* OrdersViewModel.swift in Sources */ = {isa = PBXBuildFile; fileRef = 57D25BBA29BF06C6002607F4 /* OrdersViewModel.swift */; };
		57D25BBD29BF070E002607F4 /* OrdersModel.swift in Sources */ = {isa = PBXBuildFile; fileRef = 57D25BBC29BF070E002607F4 /* OrdersModel.swift */; };
		57D25BBF29BF088C002607F4 /* OrderTableViewCell.swift in Sources */ = {isa = PBXBuildFile; fileRef = 57D25BBE29BF088C002607F4 /* OrderTableViewCell.swift */; };
		57ED885929BE39BD009D1C96 /* CoreStore in Frameworks */ = {isa = PBXBuildFile; productRef = 57ED885829BE39BD009D1C96 /* CoreStore */; };
/* End PBXBuildFile section */

/* Begin PBXContainerItemProxy section */
		578216E929BDD3FD00E28147 /* PBXContainerItemProxy */ = {
			isa = PBXContainerItemProxy;
			containerPortal = 578216C729BDD3FB00E28147 /* Project object */;
			proxyType = 1;
			remoteGlobalIDString = 578216CE29BDD3FB00E28147;
			remoteInfo = Bouquets;
		};
		578216F329BDD3FD00E28147 /* PBXContainerItemProxy */ = {
			isa = PBXContainerItemProxy;
			containerPortal = 578216C729BDD3FB00E28147 /* Project object */;
			proxyType = 1;
			remoteGlobalIDString = 578216CE29BDD3FB00E28147;
			remoteInfo = Bouquets;
		};
/* End PBXContainerItemProxy section */

/* Begin PBXFileReference section */
		570E455129BF284900CD2C73 /* OrdersService.swift */ = {isa = PBXFileReference; lastKnownFileType = sourcecode.swift; path = OrdersService.swift; sourceTree = "<group>"; };
		570E455529BF2DAA00CD2C73 /* OrderDetailsViewController.swift */ = {isa = PBXFileReference; lastKnownFileType = sourcecode.swift; path = OrderDetailsViewController.swift; sourceTree = "<group>"; };
		570E455729BF2DF000CD2C73 /* OrderDetailsViewModel.swift */ = {isa = PBXFileReference; lastKnownFileType = sourcecode.swift; path = OrderDetailsViewModel.swift; sourceTree = "<group>"; };
		570E455929BF2E2700CD2C73 /* OrderDetailsModel.swift */ = {isa = PBXFileReference; lastKnownFileType = sourcecode.swift; path = OrderDetailsModel.swift; sourceTree = "<group>"; };
		570E456429BF383C00CD2C73 /* ChangeOrderStatusView.swift */ = {isa = PBXFileReference; lastKnownFileType = sourcecode.swift; path = ChangeOrderStatusView.swift; sourceTree = "<group>"; };
		570E456629BF384C00CD2C73 /* ChangeOrderStatusView.xib */ = {isa = PBXFileReference; lastKnownFileType = file.xib; path = ChangeOrderStatusView.xib; sourceTree = "<group>"; };
		570E456A29BF860A00CD2C73 /* OrdersViewControllersFactory.swift */ = {isa = PBXFileReference; lastKnownFileType = sourcecode.swift; path = OrdersViewControllersFactory.swift; sourceTree = "<group>"; };
		570E456C29BF8E8100CD2C73 /* CustomersService.swift */ = {isa = PBXFileReference; lastKnownFileType = sourcecode.swift; path = CustomersService.swift; sourceTree = "<group>"; };
		570E456F29BF8F4400CD2C73 /* DataStackManager.swift */ = {isa = PBXFileReference; lastKnownFileType = sourcecode.swift; path = DataStackManager.swift; sourceTree = "<group>"; };
		570E457129BF912600CD2C73 /* Customer.swift */ = {isa = PBXFileReference; lastKnownFileType = sourcecode.swift; path = Customer.swift; sourceTree = "<group>"; };
		578216CF29BDD3FB00E28147 /* Bouquets.app */ = {isa = PBXFileReference; explicitFileType = wrapper.application; includeInIndex = 0; path = Bouquets.app; sourceTree = BUILT_PRODUCTS_DIR; };
		578216D229BDD3FB00E28147 /* AppDelegate.swift */ = {isa = PBXFileReference; lastKnownFileType = sourcecode.swift; path = AppDelegate.swift; sourceTree = "<group>"; };
		578216D429BDD3FB00E28147 /* SceneDelegate.swift */ = {isa = PBXFileReference; lastKnownFileType = sourcecode.swift; path = SceneDelegate.swift; sourceTree = "<group>"; };
		578216D629BDD3FB00E28147 /* OrdersViewController.swift */ = {isa = PBXFileReference; lastKnownFileType = sourcecode.swift; path = OrdersViewController.swift; sourceTree = "<group>"; };
		578216D929BDD3FB00E28147 /* Base */ = {isa = PBXFileReference; lastKnownFileType = file.storyboard; name = Base; path = Base.lproj/Main.storyboard; sourceTree = "<group>"; };
		578216DC29BDD3FB00E28147 /* Bouquets.xcdatamodel */ = {isa = PBXFileReference; lastKnownFileType = wrapper.xcdatamodel; path = Bouquets.xcdatamodel; sourceTree = "<group>"; };
		578216DE29BDD3FD00E28147 /* Assets.xcassets */ = {isa = PBXFileReference; lastKnownFileType = folder.assetcatalog; path = Assets.xcassets; sourceTree = "<group>"; };
		578216E129BDD3FD00E28147 /* Base */ = {isa = PBXFileReference; lastKnownFileType = file.storyboard; name = Base; path = Base.lproj/LaunchScreen.storyboard; sourceTree = "<group>"; };
		578216E329BDD3FD00E28147 /* Info.plist */ = {isa = PBXFileReference; lastKnownFileType = text.plist.xml; path = Info.plist; sourceTree = "<group>"; };
		578216E829BDD3FD00E28147 /* BouquetsTests.xctest */ = {isa = PBXFileReference; explicitFileType = wrapper.cfbundle; includeInIndex = 0; path = BouquetsTests.xctest; sourceTree = BUILT_PRODUCTS_DIR; };
		578216EC29BDD3FD00E28147 /* BouquetsTests.swift */ = {isa = PBXFileReference; lastKnownFileType = sourcecode.swift; path = BouquetsTests.swift; sourceTree = "<group>"; };
		578216F229BDD3FD00E28147 /* BouquetsUITests.xctest */ = {isa = PBXFileReference; explicitFileType = wrapper.cfbundle; includeInIndex = 0; path = BouquetsUITests.xctest; sourceTree = BUILT_PRODUCTS_DIR; };
		578216F629BDD3FD00E28147 /* BouquetsUITests.swift */ = {isa = PBXFileReference; lastKnownFileType = sourcecode.swift; path = BouquetsUITests.swift; sourceTree = "<group>"; };
		578216F829BDD3FD00E28147 /* BouquetsUITestsLaunchTests.swift */ = {isa = PBXFileReference; lastKnownFileType = sourcecode.swift; path = BouquetsUITestsLaunchTests.swift; sourceTree = "<group>"; };
		5782170829BDE31100E28147 /* CustomerOrder.swift */ = {isa = PBXFileReference; lastKnownFileType = sourcecode.swift; path = CustomerOrder.swift; sourceTree = "<group>"; };
		57D25BBA29BF06C6002607F4 /* OrdersViewModel.swift */ = {isa = PBXFileReference; lastKnownFileType = sourcecode.swift; path = OrdersViewModel.swift; sourceTree = "<group>"; };
		57D25BBC29BF070E002607F4 /* OrdersModel.swift */ = {isa = PBXFileReference; lastKnownFileType = sourcecode.swift; path = OrdersModel.swift; sourceTree = "<group>"; };
		57D25BBE29BF088C002607F4 /* OrderTableViewCell.swift */ = {isa = PBXFileReference; lastKnownFileType = sourcecode.swift; path = OrderTableViewCell.swift; sourceTree = "<group>"; };
/* End PBXFileReference section */

/* Begin PBXFrameworksBuildPhase section */
		578216CC29BDD3FB00E28147 /* Frameworks */ = {
			isa = PBXFrameworksBuildPhase;
			buildActionMask = 2147483647;
			files = (
				5782170729BDE25700E28147 /* Alamofire in Frameworks */,
				57ED885929BE39BD009D1C96 /* CoreStore in Frameworks */,
			);
			runOnlyForDeploymentPostprocessing = 0;
		};
		578216E529BDD3FD00E28147 /* Frameworks */ = {
			isa = PBXFrameworksBuildPhase;
			buildActionMask = 2147483647;
			files = (
			);
			runOnlyForDeploymentPostprocessing = 0;
		};
		578216EF29BDD3FD00E28147 /* Frameworks */ = {
			isa = PBXFrameworksBuildPhase;
			buildActionMask = 2147483647;
			files = (
			);
			runOnlyForDeploymentPostprocessing = 0;
		};
/* End PBXFrameworksBuildPhase section */

/* Begin PBXGroup section */
		570E455329BF2D6900CD2C73 /* Orders */ = {
			isa = PBXGroup;
			children = (
				578216D629BDD3FB00E28147 /* OrdersViewController.swift */,
				57D25BBA29BF06C6002607F4 /* OrdersViewModel.swift */,
				57D25BBC29BF070E002607F4 /* OrdersModel.swift */,
				57D25BBE29BF088C002607F4 /* OrderTableViewCell.swift */,
			);
			path = Orders;
			sourceTree = "<group>";
		};
		570E455429BF2D8C00CD2C73 /* OrderDetails */ = {
			isa = PBXGroup;
			children = (
				570E455529BF2DAA00CD2C73 /* OrderDetailsViewController.swift */,
				570E455729BF2DF000CD2C73 /* OrderDetailsViewModel.swift */,
				570E455929BF2E2700CD2C73 /* OrderDetailsModel.swift */,
				570E456429BF383C00CD2C73 /* ChangeOrderStatusView.swift */,
				570E456629BF384C00CD2C73 /* ChangeOrderStatusView.xib */,
			);
			path = OrderDetails;
			sourceTree = "<group>";
		};
		570E456E29BF8E8700CD2C73 /* Services */ = {
			isa = PBXGroup;
			children = (
				570E455129BF284900CD2C73 /* OrdersService.swift */,
				570E456C29BF8E8100CD2C73 /* CustomersService.swift */,
			);
			path = Services;
			sourceTree = "<group>";
		};
		578216C629BDD3FB00E28147 = {
			isa = PBXGroup;
			children = (
				578216D129BDD3FB00E28147 /* Bouquets */,
				578216EB29BDD3FD00E28147 /* BouquetsTests */,
				578216F529BDD3FD00E28147 /* BouquetsUITests */,
				578216D029BDD3FB00E28147 /* Products */,
			);
			sourceTree = "<group>";
		};
		578216D029BDD3FB00E28147 /* Products */ = {
			isa = PBXGroup;
			children = (
				578216CF29BDD3FB00E28147 /* Bouquets.app */,
				578216E829BDD3FD00E28147 /* BouquetsTests.xctest */,
				578216F229BDD3FD00E28147 /* BouquetsUITests.xctest */,
			);
			name = Products;
			sourceTree = "<group>";
		};
		578216D129BDD3FB00E28147 /* Bouquets */ = {
			isa = PBXGroup;
			children = (
				570E456E29BF8E8700CD2C73 /* Services */,
				570E455329BF2D6900CD2C73 /* Orders */,
				570E455429BF2D8C00CD2C73 /* OrderDetails */,
				578216D229BDD3FB00E28147 /* AppDelegate.swift */,
				578216D429BDD3FB00E28147 /* SceneDelegate.swift */,
				578216E029BDD3FD00E28147 /* LaunchScreen.storyboard */,
				578216D829BDD3FB00E28147 /* Main.storyboard */,
				578216DE29BDD3FD00E28147 /* Assets.xcassets */,
				578216E329BDD3FD00E28147 /* Info.plist */,
				578216DB29BDD3FB00E28147 /* Bouquets.xcdatamodeld */,
				570E456A29BF860A00CD2C73 /* OrdersViewControllersFactory.swift */,
				570E456F29BF8F4400CD2C73 /* DataStackManager.swift */,
				5782170829BDE31100E28147 /* CustomerOrder.swift */,
				570E457129BF912600CD2C73 /* Customer.swift */,
			);
			path = Bouquets;
			sourceTree = "<group>";
		};
		578216EB29BDD3FD00E28147 /* BouquetsTests */ = {
			isa = PBXGroup;
			children = (
				578216EC29BDD3FD00E28147 /* BouquetsTests.swift */,
			);
			path = BouquetsTests;
			sourceTree = "<group>";
		};
		578216F529BDD3FD00E28147 /* BouquetsUITests */ = {
			isa = PBXGroup;
			children = (
				578216F629BDD3FD00E28147 /* BouquetsUITests.swift */,
				578216F829BDD3FD00E28147 /* BouquetsUITestsLaunchTests.swift */,
			);
			path = BouquetsUITests;
			sourceTree = "<group>";
		};
/* End PBXGroup section */

/* Begin PBXNativeTarget section */
		578216CE29BDD3FB00E28147 /* Bouquets */ = {
			isa = PBXNativeTarget;
			buildConfigurationList = 578216FC29BDD3FD00E28147 /* Build configuration list for PBXNativeTarget "Bouquets" */;
			buildPhases = (
				578216CB29BDD3FB00E28147 /* Sources */,
				578216CC29BDD3FB00E28147 /* Frameworks */,
				578216CD29BDD3FB00E28147 /* Resources */,
			);
			buildRules = (
			);
			dependencies = (
			);
			name = Bouquets;
			packageProductDependencies = (
				5782170629BDE25700E28147 /* Alamofire */,
				57ED885829BE39BD009D1C96 /* CoreStore */,
			);
			productName = Bouquets;
			productReference = 578216CF29BDD3FB00E28147 /* Bouquets.app */;
			productType = "com.apple.product-type.application";
		};
		578216E729BDD3FD00E28147 /* BouquetsTests */ = {
			isa = PBXNativeTarget;
			buildConfigurationList = 578216FF29BDD3FD00E28147 /* Build configuration list for PBXNativeTarget "BouquetsTests" */;
			buildPhases = (
				578216E429BDD3FD00E28147 /* Sources */,
				578216E529BDD3FD00E28147 /* Frameworks */,
				578216E629BDD3FD00E28147 /* Resources */,
			);
			buildRules = (
			);
			dependencies = (
				578216EA29BDD3FD00E28147 /* PBXTargetDependency */,
			);
			name = BouquetsTests;
			productName = BouquetsTests;
			productReference = 578216E829BDD3FD00E28147 /* BouquetsTests.xctest */;
			productType = "com.apple.product-type.bundle.unit-test";
		};
		578216F129BDD3FD00E28147 /* BouquetsUITests */ = {
			isa = PBXNativeTarget;
			buildConfigurationList = 5782170229BDD3FD00E28147 /* Build configuration list for PBXNativeTarget "BouquetsUITests" */;
			buildPhases = (
				578216EE29BDD3FD00E28147 /* Sources */,
				578216EF29BDD3FD00E28147 /* Frameworks */,
				578216F029BDD3FD00E28147 /* Resources */,
			);
			buildRules = (
			);
			dependencies = (
				578216F429BDD3FD00E28147 /* PBXTargetDependency */,
			);
			name = BouquetsUITests;
			productName = BouquetsUITests;
			productReference = 578216F229BDD3FD00E28147 /* BouquetsUITests.xctest */;
			productType = "com.apple.product-type.bundle.ui-testing";
		};
/* End PBXNativeTarget section */

/* Begin PBXProject section */
		578216C729BDD3FB00E28147 /* Project object */ = {
			isa = PBXProject;
			attributes = {
				BuildIndependentTargetsInParallel = 1;
				LastSwiftUpdateCheck = 1420;
				LastUpgradeCheck = 1420;
				TargetAttributes = {
					578216CE29BDD3FB00E28147 = {
						CreatedOnToolsVersion = 14.2;
					};
					578216E729BDD3FD00E28147 = {
						CreatedOnToolsVersion = 14.2;
						TestTargetID = 578216CE29BDD3FB00E28147;
					};
					578216F129BDD3FD00E28147 = {
						CreatedOnToolsVersion = 14.2;
						TestTargetID = 578216CE29BDD3FB00E28147;
					};
				};
			};
			buildConfigurationList = 578216CA29BDD3FB00E28147 /* Build configuration list for PBXProject "Bouquets" */;
			compatibilityVersion = "Xcode 14.0";
			developmentRegion = en;
			hasScannedForEncodings = 0;
			knownRegions = (
				en,
				Base,
			);
			mainGroup = 578216C629BDD3FB00E28147;
			packageReferences = (
				5782170529BDE25700E28147 /* XCRemoteSwiftPackageReference "Alamofire" */,
				57ED885729BE39BD009D1C96 /* XCRemoteSwiftPackageReference "CoreStore" */,
			);
			productRefGroup = 578216D029BDD3FB00E28147 /* Products */;
			projectDirPath = "";
			projectRoot = "";
			targets = (
				578216CE29BDD3FB00E28147 /* Bouquets */,
				578216E729BDD3FD00E28147 /* BouquetsTests */,
				578216F129BDD3FD00E28147 /* BouquetsUITests */,
			);
		};
/* End PBXProject section */

/* Begin PBXResourcesBuildPhase section */
		578216CD29BDD3FB00E28147 /* Resources */ = {
			isa = PBXResourcesBuildPhase;
			buildActionMask = 2147483647;
			files = (
				578216E229BDD3FD00E28147 /* LaunchScreen.storyboard in Resources */,
				578216DF29BDD3FD00E28147 /* Assets.xcassets in Resources */,
				578216DA29BDD3FB00E28147 /* Main.storyboard in Resources */,
				570E456729BF384C00CD2C73 /* ChangeOrderStatusView.xib in Resources */,
			);
			runOnlyForDeploymentPostprocessing = 0;
		};
		578216E629BDD3FD00E28147 /* Resources */ = {
			isa = PBXResourcesBuildPhase;
			buildActionMask = 2147483647;
			files = (
			);
			runOnlyForDeploymentPostprocessing = 0;
		};
		578216F029BDD3FD00E28147 /* Resources */ = {
			isa = PBXResourcesBuildPhase;
			buildActionMask = 2147483647;
			files = (
			);
			runOnlyForDeploymentPostprocessing = 0;
		};
/* End PBXResourcesBuildPhase section */

/* Begin PBXSourcesBuildPhase section */
		578216CB29BDD3FB00E28147 /* Sources */ = {
			isa = PBXSourcesBuildPhase;
			buildActionMask = 2147483647;
			files = (
				578216D729BDD3FB00E28147 /* OrdersViewController.swift in Sources */,
				570E456529BF383C00CD2C73 /* ChangeOrderStatusView.swift in Sources */,
				570E455A29BF2E2700CD2C73 /* OrderDetailsModel.swift in Sources */,
				57D25BBB29BF06C6002607F4 /* OrdersViewModel.swift in Sources */,
				570E456D29BF8E8100CD2C73 /* CustomersService.swift in Sources */,
				570E456B29BF860A00CD2C73 /* OrdersViewControllersFactory.swift in Sources */,
				57D25BBF29BF088C002607F4 /* OrderTableViewCell.swift in Sources */,
				57D25BBD29BF070E002607F4 /* OrdersModel.swift in Sources */,
				578216DD29BDD3FB00E28147 /* Bouquets.xcdatamodeld in Sources */,
				570E455829BF2DF000CD2C73 /* OrderDetailsViewModel.swift in Sources */,
				570E455229BF284900CD2C73 /* OrdersService.swift in Sources */,
				570E457229BF912600CD2C73 /* Customer.swift in Sources */,
				5782170929BDE31100E28147 /* CustomerOrder.swift in Sources */,
				570E457029BF8F4400CD2C73 /* DataStackManager.swift in Sources */,
				578216D329BDD3FB00E28147 /* AppDelegate.swift in Sources */,
				570E455629BF2DAA00CD2C73 /* OrderDetailsViewController.swift in Sources */,
				578216D529BDD3FB00E28147 /* SceneDelegate.swift in Sources */,
			);
			runOnlyForDeploymentPostprocessing = 0;
		};
		578216E429BDD3FD00E28147 /* Sources */ = {
			isa = PBXSourcesBuildPhase;
			buildActionMask = 2147483647;
			files = (
				578216ED29BDD3FD00E28147 /* BouquetsTests.swift in Sources */,
			);
			runOnlyForDeploymentPostprocessing = 0;
		};
		578216EE29BDD3FD00E28147 /* Sources */ = {
			isa = PBXSourcesBuildPhase;
			buildActionMask = 2147483647;
			files = (
				578216F929BDD3FD00E28147 /* BouquetsUITestsLaunchTests.swift in Sources */,
				578216F729BDD3FD00E28147 /* BouquetsUITests.swift in Sources */,
			);
			runOnlyForDeploymentPostprocessing = 0;
		};
/* End PBXSourcesBuildPhase section */

/* Begin PBXTargetDependency section */
		578216EA29BDD3FD00E28147 /* PBXTargetDependency */ = {
			isa = PBXTargetDependency;
			target = 578216CE29BDD3FB00E28147 /* Bouquets */;
			targetProxy = 578216E929BDD3FD00E28147 /* PBXContainerItemProxy */;
		};
		578216F429BDD3FD00E28147 /* PBXTargetDependency */ = {
			isa = PBXTargetDependency;
			target = 578216CE29BDD3FB00E28147 /* Bouquets */;
			targetProxy = 578216F329BDD3FD00E28147 /* PBXContainerItemProxy */;
		};
/* End PBXTargetDependency section */

/* Begin PBXVariantGroup section */
		578216D829BDD3FB00E28147 /* Main.storyboard */ = {
			isa = PBXVariantGroup;
			children = (
				578216D929BDD3FB00E28147 /* Base */,
			);
			name = Main.storyboard;
			sourceTree = "<group>";
		};
		578216E029BDD3FD00E28147 /* LaunchScreen.storyboard */ = {
			isa = PBXVariantGroup;
			children = (
				578216E129BDD3FD00E28147 /* Base */,
			);
			name = LaunchScreen.storyboard;
			sourceTree = "<group>";
		};
/* End PBXVariantGroup section */

/* Begin XCBuildConfiguration section */
		578216FA29BDD3FD00E28147 /* Debug */ = {
			isa = XCBuildConfiguration;
			buildSettings = {
				ALWAYS_SEARCH_USER_PATHS = NO;
				CLANG_ANALYZER_NONNULL = YES;
				CLANG_ANALYZER_NUMBER_OBJECT_CONVERSION = YES_AGGRESSIVE;
				CLANG_CXX_LANGUAGE_STANDARD = "gnu++20";
				CLANG_ENABLE_MODULES = YES;
				CLANG_ENABLE_OBJC_ARC = YES;
				CLANG_ENABLE_OBJC_WEAK = YES;
				CLANG_WARN_BLOCK_CAPTURE_AUTORELEASING = YES;
				CLANG_WARN_BOOL_CONVERSION = YES;
				CLANG_WARN_COMMA = YES;
				CLANG_WARN_CONSTANT_CONVERSION = YES;
				CLANG_WARN_DEPRECATED_OBJC_IMPLEMENTATIONS = YES;
				CLANG_WARN_DIRECT_OBJC_ISA_USAGE = YES_ERROR;
				CLANG_WARN_DOCUMENTATION_COMMENTS = YES;
				CLANG_WARN_EMPTY_BODY = YES;
				CLANG_WARN_ENUM_CONVERSION = YES;
				CLANG_WARN_INFINITE_RECURSION = YES;
				CLANG_WARN_INT_CONVERSION = YES;
				CLANG_WARN_NON_LITERAL_NULL_CONVERSION = YES;
				CLANG_WARN_OBJC_IMPLICIT_RETAIN_SELF = YES;
				CLANG_WARN_OBJC_LITERAL_CONVERSION = YES;
				CLANG_WARN_OBJC_ROOT_CLASS = YES_ERROR;
				CLANG_WARN_QUOTED_INCLUDE_IN_FRAMEWORK_HEADER = YES;
				CLANG_WARN_RANGE_LOOP_ANALYSIS = YES;
				CLANG_WARN_STRICT_PROTOTYPES = YES;
				CLANG_WARN_SUSPICIOUS_MOVE = YES;
				CLANG_WARN_UNGUARDED_AVAILABILITY = YES_AGGRESSIVE;
				CLANG_WARN_UNREACHABLE_CODE = YES;
				CLANG_WARN__DUPLICATE_METHOD_MATCH = YES;
				COPY_PHASE_STRIP = NO;
				DEBUG_INFORMATION_FORMAT = dwarf;
				ENABLE_STRICT_OBJC_MSGSEND = YES;
				ENABLE_TESTABILITY = YES;
				GCC_C_LANGUAGE_STANDARD = gnu11;
				GCC_DYNAMIC_NO_PIC = NO;
				GCC_NO_COMMON_BLOCKS = YES;
				GCC_OPTIMIZATION_LEVEL = 0;
				GCC_PREPROCESSOR_DEFINITIONS = (
					"DEBUG=1",
					"$(inherited)",
				);
				GCC_WARN_64_TO_32_BIT_CONVERSION = YES;
				GCC_WARN_ABOUT_RETURN_TYPE = YES_ERROR;
				GCC_WARN_UNDECLARED_SELECTOR = YES;
				GCC_WARN_UNINITIALIZED_AUTOS = YES_AGGRESSIVE;
				GCC_WARN_UNUSED_FUNCTION = YES;
				GCC_WARN_UNUSED_VARIABLE = YES;
				IPHONEOS_DEPLOYMENT_TARGET = 16.2;
				MTL_ENABLE_DEBUG_INFO = INCLUDE_SOURCE;
				MTL_FAST_MATH = YES;
				ONLY_ACTIVE_ARCH = YES;
				SDKROOT = iphoneos;
				SWIFT_ACTIVE_COMPILATION_CONDITIONS = DEBUG;
				SWIFT_OPTIMIZATION_LEVEL = "-Onone";
			};
			name = Debug;
		};
		578216FB29BDD3FD00E28147 /* Release */ = {
			isa = XCBuildConfiguration;
			buildSettings = {
				ALWAYS_SEARCH_USER_PATHS = NO;
				CLANG_ANALYZER_NONNULL = YES;
				CLANG_ANALYZER_NUMBER_OBJECT_CONVERSION = YES_AGGRESSIVE;
				CLANG_CXX_LANGUAGE_STANDARD = "gnu++20";
				CLANG_ENABLE_MODULES = YES;
				CLANG_ENABLE_OBJC_ARC = YES;
				CLANG_ENABLE_OBJC_WEAK = YES;
				CLANG_WARN_BLOCK_CAPTURE_AUTORELEASING = YES;
				CLANG_WARN_BOOL_CONVERSION = YES;
				CLANG_WARN_COMMA = YES;
				CLANG_WARN_CONSTANT_CONVERSION = YES;
				CLANG_WARN_DEPRECATED_OBJC_IMPLEMENTATIONS = YES;
				CLANG_WARN_DIRECT_OBJC_ISA_USAGE = YES_ERROR;
				CLANG_WARN_DOCUMENTATION_COMMENTS = YES;
				CLANG_WARN_EMPTY_BODY = YES;
				CLANG_WARN_ENUM_CONVERSION = YES;
				CLANG_WARN_INFINITE_RECURSION = YES;
				CLANG_WARN_INT_CONVERSION = YES;
				CLANG_WARN_NON_LITERAL_NULL_CONVERSION = YES;
				CLANG_WARN_OBJC_IMPLICIT_RETAIN_SELF = YES;
				CLANG_WARN_OBJC_LITERAL_CONVERSION = YES;
				CLANG_WARN_OBJC_ROOT_CLASS = YES_ERROR;
				CLANG_WARN_QUOTED_INCLUDE_IN_FRAMEWORK_HEADER = YES;
				CLANG_WARN_RANGE_LOOP_ANALYSIS = YES;
				CLANG_WARN_STRICT_PROTOTYPES = YES;
				CLANG_WARN_SUSPICIOUS_MOVE = YES;
				CLANG_WARN_UNGUARDED_AVAILABILITY = YES_AGGRESSIVE;
				CLANG_WARN_UNREACHABLE_CODE = YES;
				CLANG_WARN__DUPLICATE_METHOD_MATCH = YES;
				COPY_PHASE_STRIP = NO;
				DEBUG_INFORMATION_FORMAT = "dwarf-with-dsym";
				ENABLE_NS_ASSERTIONS = NO;
				ENABLE_STRICT_OBJC_MSGSEND = YES;
				GCC_C_LANGUAGE_STANDARD = gnu11;
				GCC_NO_COMMON_BLOCKS = YES;
				GCC_WARN_64_TO_32_BIT_CONVERSION = YES;
				GCC_WARN_ABOUT_RETURN_TYPE = YES_ERROR;
				GCC_WARN_UNDECLARED_SELECTOR = YES;
				GCC_WARN_UNINITIALIZED_AUTOS = YES_AGGRESSIVE;
				GCC_WARN_UNUSED_FUNCTION = YES;
				GCC_WARN_UNUSED_VARIABLE = YES;
				IPHONEOS_DEPLOYMENT_TARGET = 16.2;
				MTL_ENABLE_DEBUG_INFO = NO;
				MTL_FAST_MATH = YES;
				SDKROOT = iphoneos;
				SWIFT_COMPILATION_MODE = wholemodule;
				SWIFT_OPTIMIZATION_LEVEL = "-O";
				VALIDATE_PRODUCT = YES;
			};
			name = Release;
		};
		578216FD29BDD3FD00E28147 /* Debug */ = {
			isa = XCBuildConfiguration;
			buildSettings = {
				ASSETCATALOG_COMPILER_APPICON_NAME = AppIcon;
				ASSETCATALOG_COMPILER_GLOBAL_ACCENT_COLOR_NAME = AccentColor;
				CODE_SIGN_STYLE = Automatic;
				CURRENT_PROJECT_VERSION = 1;
				DEVELOPMENT_TEAM = P5WX3WU73X;
				GENERATE_INFOPLIST_FILE = YES;
				INFOPLIST_FILE = Bouquets/Info.plist;
				INFOPLIST_KEY_UIApplicationSupportsIndirectInputEvents = YES;
				INFOPLIST_KEY_UILaunchStoryboardName = LaunchScreen;
				INFOPLIST_KEY_UIMainStoryboardFile = Main;
				INFOPLIST_KEY_UISupportedInterfaceOrientations_iPad = "UIInterfaceOrientationPortrait UIInterfaceOrientationPortraitUpsideDown UIInterfaceOrientationLandscapeLeft UIInterfaceOrientationLandscapeRight";
				INFOPLIST_KEY_UISupportedInterfaceOrientations_iPhone = "UIInterfaceOrientationPortrait UIInterfaceOrientationLandscapeLeft UIInterfaceOrientationLandscapeRight";
				IPHONEOS_DEPLOYMENT_TARGET = 15.0;
				LD_RUNPATH_SEARCH_PATHS = (
					"$(inherited)",
					"@executable_path/Frameworks",
				);
				MARKETING_VERSION = 1.0;
				PRODUCT_BUNDLE_IDENTIFIER = com.challenge.Bouquets;
				PRODUCT_NAME = "$(TARGET_NAME)";
				SWIFT_EMIT_LOC_STRINGS = YES;
				SWIFT_VERSION = 5.0;
				TARGETED_DEVICE_FAMILY = "1,2";
			};
			name = Debug;
		};
		578216FE29BDD3FD00E28147 /* Release */ = {
			isa = XCBuildConfiguration;
			buildSettings = {
				ASSETCATALOG_COMPILER_APPICON_NAME = AppIcon;
				ASSETCATALOG_COMPILER_GLOBAL_ACCENT_COLOR_NAME = AccentColor;
				CODE_SIGN_STYLE = Automatic;
				CURRENT_PROJECT_VERSION = 1;
				DEVELOPMENT_TEAM = P5WX3WU73X;
				GENERATE_INFOPLIST_FILE = YES;
				INFOPLIST_FILE = Bouquets/Info.plist;
				INFOPLIST_KEY_UIApplicationSupportsIndirectInputEvents = YES;
				INFOPLIST_KEY_UILaunchStoryboardName = LaunchScreen;
				INFOPLIST_KEY_UIMainStoryboardFile = Main;
				INFOPLIST_KEY_UISupportedInterfaceOrientations_iPad = "UIInterfaceOrientationPortrait UIInterfaceOrientationPortraitUpsideDown UIInterfaceOrientationLandscapeLeft UIInterfaceOrientationLandscapeRight";
				INFOPLIST_KEY_UISupportedInterfaceOrientations_iPhone = "UIInterfaceOrientationPortrait UIInterfaceOrientationLandscapeLeft UIInterfaceOrientationLandscapeRight";
				IPHONEOS_DEPLOYMENT_TARGET = 15.0;
				LD_RUNPATH_SEARCH_PATHS = (
					"$(inherited)",
					"@executable_path/Frameworks",
				);
				MARKETING_VERSION = 1.0;
				PRODUCT_BUNDLE_IDENTIFIER = com.challenge.Bouquets;
				PRODUCT_NAME = "$(TARGET_NAME)";
				SWIFT_EMIT_LOC_STRINGS = YES;
				SWIFT_VERSION = 5.0;
				TARGETED_DEVICE_FAMILY = "1,2";
			};
			name = Release;
		};
		5782170029BDD3FD00E28147 /* Debug */ = {
			isa = XCBuildConfiguration;
			buildSettings = {
				ALWAYS_EMBED_SWIFT_STANDARD_LIBRARIES = YES;
				BUNDLE_LOADER = "$(TEST_HOST)";
				CODE_SIGN_STYLE = Automatic;
				CURRENT_PROJECT_VERSION = 1;
				DEVELOPMENT_TEAM = P5WX3WU73X;
				GENERATE_INFOPLIST_FILE = YES;
				IPHONEOS_DEPLOYMENT_TARGET = 16.2;
				MARKETING_VERSION = 1.0;
				PRODUCT_BUNDLE_IDENTIFIER = com.challenge.BouquetsTests;
				PRODUCT_NAME = "$(TARGET_NAME)";
				SWIFT_EMIT_LOC_STRINGS = NO;
				SWIFT_VERSION = 5.0;
				TARGETED_DEVICE_FAMILY = "1,2";
				TEST_HOST = "$(BUILT_PRODUCTS_DIR)/Bouquets.app/$(BUNDLE_EXECUTABLE_FOLDER_PATH)/Bouquets";
			};
			name = Debug;
		};
		5782170129BDD3FD00E28147 /* Release */ = {
			isa = XCBuildConfiguration;
			buildSettings = {
				ALWAYS_EMBED_SWIFT_STANDARD_LIBRARIES = YES;
				BUNDLE_LOADER = "$(TEST_HOST)";
				CODE_SIGN_STYLE = Automatic;
				CURRENT_PROJECT_VERSION = 1;
				DEVELOPMENT_TEAM = P5WX3WU73X;
				GENERATE_INFOPLIST_FILE = YES;
				IPHONEOS_DEPLOYMENT_TARGET = 16.2;
				MARKETING_VERSION = 1.0;
				PRODUCT_BUNDLE_IDENTIFIER = com.challenge.BouquetsTests;
				PRODUCT_NAME = "$(TARGET_NAME)";
				SWIFT_EMIT_LOC_STRINGS = NO;
				SWIFT_VERSION = 5.0;
				TARGETED_DEVICE_FAMILY = "1,2";
				TEST_HOST = "$(BUILT_PRODUCTS_DIR)/Bouquets.app/$(BUNDLE_EXECUTABLE_FOLDER_PATH)/Bouquets";
			};
			name = Release;
		};
		5782170329BDD3FD00E28147 /* Debug */ = {
			isa = XCBuildConfiguration;
			buildSettings = {
				ALWAYS_EMBED_SWIFT_STANDARD_LIBRARIES = YES;
				CODE_SIGN_STYLE = Automatic;
				CURRENT_PROJECT_VERSION = 1;
				DEVELOPMENT_TEAM = P5WX3WU73X;
				GENERATE_INFOPLIST_FILE = YES;
				MARKETING_VERSION = 1.0;
				PRODUCT_BUNDLE_IDENTIFIER = com.challenge.BouquetsUITests;
				PRODUCT_NAME = "$(TARGET_NAME)";
				SWIFT_EMIT_LOC_STRINGS = NO;
				SWIFT_VERSION = 5.0;
				TARGETED_DEVICE_FAMILY = "1,2";
				TEST_TARGET_NAME = Bouquets;
			};
			name = Debug;
		};
		5782170429BDD3FD00E28147 /* Release */ = {
			isa = XCBuildConfiguration;
			buildSettings = {
				ALWAYS_EMBED_SWIFT_STANDARD_LIBRARIES = YES;
				CODE_SIGN_STYLE = Automatic;
				CURRENT_PROJECT_VERSION = 1;
				DEVELOPMENT_TEAM = P5WX3WU73X;
				GENERATE_INFOPLIST_FILE = YES;
				MARKETING_VERSION = 1.0;
				PRODUCT_BUNDLE_IDENTIFIER = com.challenge.BouquetsUITests;
				PRODUCT_NAME = "$(TARGET_NAME)";
				SWIFT_EMIT_LOC_STRINGS = NO;
				SWIFT_VERSION = 5.0;
				TARGETED_DEVICE_FAMILY = "1,2";
				TEST_TARGET_NAME = Bouquets;
			};
			name = Release;
		};
/* End XCBuildConfiguration section */

/* Begin XCConfigurationList section */
		578216CA29BDD3FB00E28147 /* Build configuration list for PBXProject "Bouquets" */ = {
			isa = XCConfigurationList;
			buildConfigurations = (
				578216FA29BDD3FD00E28147 /* Debug */,
				578216FB29BDD3FD00E28147 /* Release */,
			);
			defaultConfigurationIsVisible = 0;
			defaultConfigurationName = Release;
		};
		578216FC29BDD3FD00E28147 /* Build configuration list for PBXNativeTarget "Bouquets" */ = {
			isa = XCConfigurationList;
			buildConfigurations = (
				578216FD29BDD3FD00E28147 /* Debug */,
				578216FE29BDD3FD00E28147 /* Release */,
			);
			defaultConfigurationIsVisible = 0;
			defaultConfigurationName = Release;
		};
		578216FF29BDD3FD00E28147 /* Build configuration list for PBXNativeTarget "BouquetsTests" */ = {
			isa = XCConfigurationList;
			buildConfigurations = (
				5782170029BDD3FD00E28147 /* Debug */,
				5782170129BDD3FD00E28147 /* Release */,
			);
			defaultConfigurationIsVisible = 0;
			defaultConfigurationName = Release;
		};
		5782170229BDD3FD00E28147 /* Build configuration list for PBXNativeTarget "BouquetsUITests" */ = {
			isa = XCConfigurationList;
			buildConfigurations = (
				5782170329BDD3FD00E28147 /* Debug */,
				5782170429BDD3FD00E28147 /* Release */,
			);
			defaultConfigurationIsVisible = 0;
			defaultConfigurationName = Release;
		};
/* End XCConfigurationList section */

/* Begin XCRemoteSwiftPackageReference section */
		5782170529BDE25700E28147 /* XCRemoteSwiftPackageReference "Alamofire" */ = {
			isa = XCRemoteSwiftPackageReference;
			repositoryURL = "https://github.com/Alamofire/Alamofire.git";
			requirement = {
				kind = upToNextMajorVersion;
				minimumVersion = 5.0.0;
			};
		};
		57ED885729BE39BD009D1C96 /* XCRemoteSwiftPackageReference "CoreStore" */ = {
			isa = XCRemoteSwiftPackageReference;
			repositoryURL = "https://github.com/JohnEstropia/CoreStore.git";
			requirement = {
				kind = upToNextMajorVersion;
				minimumVersion = 9.0.0;
			};
		};
/* End XCRemoteSwiftPackageReference section */

/* Begin XCSwiftPackageProductDependency section */
		5782170629BDE25700E28147 /* Alamofire */ = {
			isa = XCSwiftPackageProductDependency;
			package = 5782170529BDE25700E28147 /* XCRemoteSwiftPackageReference "Alamofire" */;
			productName = Alamofire;
		};
		57ED885829BE39BD009D1C96 /* CoreStore */ = {
			isa = XCSwiftPackageProductDependency;
			package = 57ED885729BE39BD009D1C96 /* XCRemoteSwiftPackageReference "CoreStore" */;
			productName = CoreStore;
		};
/* End XCSwiftPackageProductDependency section */

/* Begin XCVersionGroup section */
		578216DB29BDD3FB00E28147 /* Bouquets.xcdatamodeld */ = {
			isa = XCVersionGroup;
			children = (
				578216DC29BDD3FB00E28147 /* Bouquets.xcdatamodel */,
			);
			currentVersion = 578216DC29BDD3FB00E28147 /* Bouquets.xcdatamodel */;
			path = Bouquets.xcdatamodeld;
			sourceTree = "<group>";
			versionGroupType = wrapper.xcdatamodel;
		};
/* End XCVersionGroup section */
	};
	rootObject = 578216C729BDD3FB00E28147 /* Project object */;
}
